
Microsoft Visual Studio Solution File, Format Version 12.00
# Visual Studio Version 17
VisualStudioVersion = 17.4.33205.214
MinimumVisualStudioVersion = 10.0.40219.1
Project("{FAE04EC0-301F-11D3-BF4B-00C04F79EFBC}") = "BuiQuangLam_Baitap1", "BuiQuangLam_Baitap1\BuiQuangLam_Baitap1.csproj", "{1975E0BF-BB13-4C11-998C-93BEAA75430A}"
EndProject
Global
	GlobalSection(SolutionConfigurationPlatforms) = preSolution
		Debug|Any CPU = Debug|Any CPU
		Release|Any CPU = Release|Any CPU
	EndGlobalSection
	GlobalSection(ProjectConfigurationPlatforms) = postSolution
		{1975E0BF-BB13-4C11-998C-93BEAA75430A}.Debug|Any CPU.ActiveCfg = Debug|Any CPU
		{1975E0BF-BB13-4C11-998C-93BEAA75430A}.Debug|Any CPU.Build.0 = Debug|Any CPU
		{1975E0BF-BB13-4C11-998C-93BEAA75430A}.Release|Any CPU.ActiveCfg = Release|Any CPU
		{1975E0BF-BB13-4C11-998C-93BEAA75430A}.Release|Any CPU.Build.0 = Release|Any CPU
	EndGlobalSection
	GlobalSection(SolutionProperties) = preSolution
		HideSolutionNode = FALSE
	EndGlobalSection
	GlobalSection(ExtensibilityGlobals) = postSolution
		SolutionGuid = {0E7FF96C-EBFE-4201-9E71-8EB957D1CDDD}
	EndGlobalSection
EndGlobal
