
Microsoft Visual Studio Solution File, Format Version 12.00
# Visual Studio Version 17
VisualStudioVersion = 17.4.33122.133
MinimumVisualStudioVersion = 10.0.40219.1
Project("{9A19103F-16F7-4668-BE54-9A1E7A4F7556}") = "CSharpGithub", "CSharpGithub\CSharpGithub.csproj", "{3ADB1F4A-F3E5-46E1-8E9F-1A41CF1CB9D7}"
EndProject
Project("{9A19103F-16F7-4668-BE54-9A1E7A4F7556}") = "SwitchCaseCSharp", "SwitchCaseCSharp\SwitchCaseCSharp.csproj", "{94C54A8A-5B7B-436E-8AEA-1F8C726B5705}"
EndProject
Project("{9A19103F-16F7-4668-BE54-9A1E7A4F7556}") = "FoeachWhile", "FoeachWhile\FoeachWhile.csproj", "{D2CA7A28-9132-4FFD-811B-A887957B5188}"
EndProject
Project("{9A19103F-16F7-4668-BE54-9A1E7A4F7556}") = "RefOut", "RefOut\RefOut.csproj", "{449469E0-1B28-4F20-A6D9-39C2B0AC4982}"
EndProject
Project("{FAE04EC0-301F-11D3-BF4B-00C04F79EFBC}") = "RegexTryPane", "RegexTryPane\RegexTryPane.csproj", "{4D1B790F-1F5C-4D04-B6DA-042F94681679}"
EndProject
Global
	GlobalSection(SolutionConfigurationPlatforms) = preSolution
		Debug|Any CPU = Debug|Any CPU
		Release|Any CPU = Release|Any CPU
	EndGlobalSection
	GlobalSection(ProjectConfigurationPlatforms) = postSolution
		{3ADB1F4A-F3E5-46E1-8E9F-1A41CF1CB9D7}.Debug|Any CPU.ActiveCfg = Debug|Any CPU
		{3ADB1F4A-F3E5-46E1-8E9F-1A41CF1CB9D7}.Debug|Any CPU.Build.0 = Debug|Any CPU
		{3ADB1F4A-F3E5-46E1-8E9F-1A41CF1CB9D7}.Release|Any CPU.ActiveCfg = Release|Any CPU
		{3ADB1F4A-F3E5-46E1-8E9F-1A41CF1CB9D7}.Release|Any CPU.Build.0 = Release|Any CPU
		{94C54A8A-5B7B-436E-8AEA-1F8C726B5705}.Debug|Any CPU.ActiveCfg = Debug|Any CPU
		{94C54A8A-5B7B-436E-8AEA-1F8C726B5705}.Debug|Any CPU.Build.0 = Debug|Any CPU
		{94C54A8A-5B7B-436E-8AEA-1F8C726B5705}.Release|Any CPU.ActiveCfg = Release|Any CPU
		{94C54A8A-5B7B-436E-8AEA-1F8C726B5705}.Release|Any CPU.Build.0 = Release|Any CPU
		{D2CA7A28-9132-4FFD-811B-A887957B5188}.Debug|Any CPU.ActiveCfg = Debug|Any CPU
		{D2CA7A28-9132-4FFD-811B-A887957B5188}.Debug|Any CPU.Build.0 = Debug|Any CPU
		{D2CA7A28-9132-4FFD-811B-A887957B5188}.Release|Any CPU.ActiveCfg = Release|Any CPU
		{D2CA7A28-9132-4FFD-811B-A887957B5188}.Release|Any CPU.Build.0 = Release|Any CPU
		{449469E0-1B28-4F20-A6D9-39C2B0AC4982}.Debug|Any CPU.ActiveCfg = Debug|Any CPU
		{449469E0-1B28-4F20-A6D9-39C2B0AC4982}.Debug|Any CPU.Build.0 = Debug|Any CPU
		{449469E0-1B28-4F20-A6D9-39C2B0AC4982}.Release|Any CPU.ActiveCfg = Release|Any CPU
		{449469E0-1B28-4F20-A6D9-39C2B0AC4982}.Release|Any CPU.Build.0 = Release|Any CPU
		{4D1B790F-1F5C-4D04-B6DA-042F94681679}.Debug|Any CPU.ActiveCfg = Debug|Any CPU
		{4D1B790F-1F5C-4D04-B6DA-042F94681679}.Debug|Any CPU.Build.0 = Debug|Any CPU
		{4D1B790F-1F5C-4D04-B6DA-042F94681679}.Release|Any CPU.ActiveCfg = Release|Any CPU
		{4D1B790F-1F5C-4D04-B6DA-042F94681679}.Release|Any CPU.Build.0 = Release|Any CPU
	EndGlobalSection
	GlobalSection(SolutionProperties) = preSolution
		HideSolutionNode = FALSE
	EndGlobalSection
	GlobalSection(ExtensibilityGlobals) = postSolution
		SolutionGuid = {9F7D901E-DDD1-4A2F-AEB3-AF00B640510C}
	EndGlobalSection
EndGlobal
