
Microsoft Visual Studio Solution File, Format Version 12.00
# Visual Studio Version 17
VisualStudioVersion = 17.4.33122.133
MinimumVisualStudioVersion = 10.0.40219.1
Project("{9A19103F-16F7-4668-BE54-9A1E7A4F7556}") = "CSharpGithub", "CSharpGithub\CSharpGithub.csproj", "{3ADB1F4A-F3E5-46E1-8E9F-1A41CF1CB9D7}"
EndProject
Project("{9A19103F-16F7-4668-BE54-9A1E7A4F7556}") = "SwitchCaseCSharp", "SwitchCaseCSharp\SwitchCaseCSharp.csproj", "{94C54A8A-5B7B-436E-8AEA-1F8C726B5705}"
EndProject
Project("{9A19103F-16F7-4668-BE54-9A1E7A4F7556}") = "FoeachWhile", "FoeachWhile\FoeachWhile.csproj", "{D2CA7A28-9132-4FFD-811B-A887957B5188}"
EndProject
Project("{9A19103F-16F7-4668-BE54-9A1E7A4F7556}") = "RefOut", "RefOut\RefOut.csproj", "{449469E0-1B28-4F20-A6D9-39C2B0AC4982}"
EndProject
Project("{9A19103F-16F7-4668-BE54-9A1E7A4F7556}") = "RegexTryPane", "RegexTryPane\RegexTryPane.csproj", "{4D1B790F-1F5C-4D04-B6DA-042F94681679}"
EndProject
Project("{9A19103F-16F7-4668-BE54-9A1E7A4F7556}") = "PartialClass", "PartialClass\PartialClass.csproj", "{6C7F58CF-B1BA-4655-9837-EC002BA66A52}"
EndProject
Project("{9A19103F-16F7-4668-BE54-9A1E7A4F7556}") = "ArgumentAndParams", "ArgumentAndParams\ArgumentAndParams.csproj", "{743BA060-C044-4D2E-9441-40BC1917267C}"
EndProject
Project("{9A19103F-16F7-4668-BE54-9A1E7A4F7556}") = "OopAbstraction", "OopAbstraction\OopAbstraction.csproj", "{CA1DE316-02A7-4686-A27B-A576846BC69B}"
EndProject
Project("{9A19103F-16F7-4668-BE54-9A1E7A4F7556}") = "OopEbcapsulation", "OopEbcapsulation\OopEbcapsulation.csproj", "{AD5B5AEB-EE1A-4558-9BF6-91BFFBFE8526}"
EndProject
Project("{9A19103F-16F7-4668-BE54-9A1E7A4F7556}") = "OopEbcapsulationCont", "OopEbcapsulationCont\OopEbcapsulationCont.csproj", "{07CD3B46-D87B-4880-9122-360A3AEB0539}"
EndProject
Project("{FAE04EC0-301F-11D3-BF4B-00C04F79EFBC}") = "OopEncapsulationProprety", "OopEncapsulationProprety\OopEncapsulationProprety.csproj", "{AB4F4F42-FC59-4179-9065-FDF6E3C59DB8}"
EndProject
Project("{FAE04EC0-301F-11D3-BF4B-00C04F79EFBC}") = "OopPolymorphismOverloading", "OopPolymorphismOverloading\OopPolymorphismOverloading.csproj", "{120328C2-F2EC-4CA8-A9C7-1EE1BF81F3D1}"
EndProject
Project("{FAE04EC0-301F-11D3-BF4B-00C04F79EFBC}") = "OopPolymorphismOverride", "OopPolymorphismOverride\OopPolymorphismOverride.csproj", "{AAD2EC49-B915-4F34-A9DC-5C16E87FF599}"
EndProject
Project("{FAE04EC0-301F-11D3-BF4B-00C04F79EFBC}") = "OopPolymorphismInteface", "OopPolymorphismInteface\OopPolymorphismInteface.csproj", "{12B9DD86-D575-4EC2-996C-401AF5DD4C27}"
EndProject
Global
	GlobalSection(SolutionConfigurationPlatforms) = preSolution
		Debug|Any CPU = Debug|Any CPU
		Release|Any CPU = Release|Any CPU
	EndGlobalSection
	GlobalSection(ProjectConfigurationPlatforms) = postSolution
		{3ADB1F4A-F3E5-46E1-8E9F-1A41CF1CB9D7}.Debug|Any CPU.ActiveCfg = Debug|Any CPU
		{3ADB1F4A-F3E5-46E1-8E9F-1A41CF1CB9D7}.Debug|Any CPU.Build.0 = Debug|Any CPU
		{3ADB1F4A-F3E5-46E1-8E9F-1A41CF1CB9D7}.Release|Any CPU.ActiveCfg = Release|Any CPU
		{3ADB1F4A-F3E5-46E1-8E9F-1A41CF1CB9D7}.Release|Any CPU.Build.0 = Release|Any CPU
		{94C54A8A-5B7B-436E-8AEA-1F8C726B5705}.Debug|Any CPU.ActiveCfg = Debug|Any CPU
		{94C54A8A-5B7B-436E-8AEA-1F8C726B5705}.Debug|Any CPU.Build.0 = Debug|Any CPU
		{94C54A8A-5B7B-436E-8AEA-1F8C726B5705}.Release|Any CPU.ActiveCfg = Release|Any CPU
		{94C54A8A-5B7B-436E-8AEA-1F8C726B5705}.Release|Any CPU.Build.0 = Release|Any CPU
		{D2CA7A28-9132-4FFD-811B-A887957B5188}.Debug|Any CPU.ActiveCfg = Debug|Any CPU
		{D2CA7A28-9132-4FFD-811B-A887957B5188}.Debug|Any CPU.Build.0 = Debug|Any CPU
		{D2CA7A28-9132-4FFD-811B-A887957B5188}.Release|Any CPU.ActiveCfg = Release|Any CPU
		{D2CA7A28-9132-4FFD-811B-A887957B5188}.Release|Any CPU.Build.0 = Release|Any CPU
		{449469E0-1B28-4F20-A6D9-39C2B0AC4982}.Debug|Any CPU.ActiveCfg = Debug|Any CPU
		{449469E0-1B28-4F20-A6D9-39C2B0AC4982}.Debug|Any CPU.Build.0 = Debug|Any CPU
		{449469E0-1B28-4F20-A6D9-39C2B0AC4982}.Release|Any CPU.ActiveCfg = Release|Any CPU
		{449469E0-1B28-4F20-A6D9-39C2B0AC4982}.Release|Any CPU.Build.0 = Release|Any CPU
		{4D1B790F-1F5C-4D04-B6DA-042F94681679}.Debug|Any CPU.ActiveCfg = Debug|Any CPU
		{4D1B790F-1F5C-4D04-B6DA-042F94681679}.Debug|Any CPU.Build.0 = Debug|Any CPU
		{4D1B790F-1F5C-4D04-B6DA-042F94681679}.Release|Any CPU.ActiveCfg = Release|Any CPU
		{4D1B790F-1F5C-4D04-B6DA-042F94681679}.Release|Any CPU.Build.0 = Release|Any CPU
		{6C7F58CF-B1BA-4655-9837-EC002BA66A52}.Debug|Any CPU.ActiveCfg = Debug|Any CPU
		{6C7F58CF-B1BA-4655-9837-EC002BA66A52}.Debug|Any CPU.Build.0 = Debug|Any CPU
		{6C7F58CF-B1BA-4655-9837-EC002BA66A52}.Release|Any CPU.ActiveCfg = Release|Any CPU
		{6C7F58CF-B1BA-4655-9837-EC002BA66A52}.Release|Any CPU.Build.0 = Release|Any CPU
		{743BA060-C044-4D2E-9441-40BC1917267C}.Debug|Any CPU.ActiveCfg = Debug|Any CPU
		{743BA060-C044-4D2E-9441-40BC1917267C}.Debug|Any CPU.Build.0 = Debug|Any CPU
		{743BA060-C044-4D2E-9441-40BC1917267C}.Release|Any CPU.ActiveCfg = Release|Any CPU
		{743BA060-C044-4D2E-9441-40BC1917267C}.Release|Any CPU.Build.0 = Release|Any CPU
		{CA1DE316-02A7-4686-A27B-A576846BC69B}.Debug|Any CPU.ActiveCfg = Debug|Any CPU
		{CA1DE316-02A7-4686-A27B-A576846BC69B}.Debug|Any CPU.Build.0 = Debug|Any CPU
		{CA1DE316-02A7-4686-A27B-A576846BC69B}.Release|Any CPU.ActiveCfg = Release|Any CPU
		{CA1DE316-02A7-4686-A27B-A576846BC69B}.Release|Any CPU.Build.0 = Release|Any CPU
		{AD5B5AEB-EE1A-4558-9BF6-91BFFBFE8526}.Debug|Any CPU.ActiveCfg = Debug|Any CPU
		{AD5B5AEB-EE1A-4558-9BF6-91BFFBFE8526}.Debug|Any CPU.Build.0 = Debug|Any CPU
		{AD5B5AEB-EE1A-4558-9BF6-91BFFBFE8526}.Release|Any CPU.ActiveCfg = Release|Any CPU
		{AD5B5AEB-EE1A-4558-9BF6-91BFFBFE8526}.Release|Any CPU.Build.0 = Release|Any CPU
		{07CD3B46-D87B-4880-9122-360A3AEB0539}.Debug|Any CPU.ActiveCfg = Debug|Any CPU
		{07CD3B46-D87B-4880-9122-360A3AEB0539}.Debug|Any CPU.Build.0 = Debug|Any CPU
		{07CD3B46-D87B-4880-9122-360A3AEB0539}.Release|Any CPU.ActiveCfg = Release|Any CPU
		{07CD3B46-D87B-4880-9122-360A3AEB0539}.Release|Any CPU.Build.0 = Release|Any CPU
		{AB4F4F42-FC59-4179-9065-FDF6E3C59DB8}.Debug|Any CPU.ActiveCfg = Debug|Any CPU
		{AB4F4F42-FC59-4179-9065-FDF6E3C59DB8}.Debug|Any CPU.Build.0 = Debug|Any CPU
		{AB4F4F42-FC59-4179-9065-FDF6E3C59DB8}.Release|Any CPU.ActiveCfg = Release|Any CPU
		{AB4F4F42-FC59-4179-9065-FDF6E3C59DB8}.Release|Any CPU.Build.0 = Release|Any CPU
		{120328C2-F2EC-4CA8-A9C7-1EE1BF81F3D1}.Debug|Any CPU.ActiveCfg = Debug|Any CPU
		{120328C2-F2EC-4CA8-A9C7-1EE1BF81F3D1}.Debug|Any CPU.Build.0 = Debug|Any CPU
		{120328C2-F2EC-4CA8-A9C7-1EE1BF81F3D1}.Release|Any CPU.ActiveCfg = Release|Any CPU
		{120328C2-F2EC-4CA8-A9C7-1EE1BF81F3D1}.Release|Any CPU.Build.0 = Release|Any CPU
		{AAD2EC49-B915-4F34-A9DC-5C16E87FF599}.Debug|Any CPU.ActiveCfg = Debug|Any CPU
		{AAD2EC49-B915-4F34-A9DC-5C16E87FF599}.Debug|Any CPU.Build.0 = Debug|Any CPU
		{AAD2EC49-B915-4F34-A9DC-5C16E87FF599}.Release|Any CPU.ActiveCfg = Release|Any CPU
		{AAD2EC49-B915-4F34-A9DC-5C16E87FF599}.Release|Any CPU.Build.0 = Release|Any CPU
		{12B9DD86-D575-4EC2-996C-401AF5DD4C27}.Debug|Any CPU.ActiveCfg = Debug|Any CPU
		{12B9DD86-D575-4EC2-996C-401AF5DD4C27}.Debug|Any CPU.Build.0 = Debug|Any CPU
		{12B9DD86-D575-4EC2-996C-401AF5DD4C27}.Release|Any CPU.ActiveCfg = Release|Any CPU
		{12B9DD86-D575-4EC2-996C-401AF5DD4C27}.Release|Any CPU.Build.0 = Release|Any CPU
	EndGlobalSection
	GlobalSection(SolutionProperties) = preSolution
		HideSolutionNode = FALSE
	EndGlobalSection
	GlobalSection(ExtensibilityGlobals) = postSolution
		SolutionGuid = {9F7D901E-DDD1-4A2F-AEB3-AF00B640510C}
	EndGlobalSection
EndGlobal
